
Microsoft Visual Studio Solution File, Format Version 12.00
# Visual Studio 14
VisualStudioVersion = 14.0.25420.1
MinimumVisualStudioVersion = 10.0.40219.1
Project("{FAE04EC0-301F-11D3-BF4B-00C04F79EFBC}") = "makebmsg", "makebmsg\makebmsg.csproj", "{6D9FEE42-4C72-4FF0-932A-6DAEA07E094B}"
EndProject
Global
	GlobalSection(SolutionConfigurationPlatforms) = preSolution
		Debug|Any CPU = Debug|Any CPU
		Release|Any CPU = Release|Any CPU
	EndGlobalSection
	GlobalSection(ProjectConfigurationPlatforms) = postSolution
		{6D9FEE42-4C72-4FF0-932A-6DAEA07E094B}.Debug|Any CPU.ActiveCfg = Debug|Any CPU
		{6D9FEE42-4C72-4FF0-932A-6DAEA07E094B}.Debug|Any CPU.Build.0 = Debug|Any CPU
		{6D9FEE42-4C72-4FF0-932A-6DAEA07E094B}.Release|Any CPU.ActiveCfg = Release|Any CPU
		{6D9FEE42-4C72-4FF0-932A-6DAEA07E094B}.Release|Any CPU.Build.0 = Release|Any CPU
	EndGlobalSection
	GlobalSection(SolutionProperties) = preSolution
		HideSolutionNode = FALSE
	EndGlobalSection
EndGlobal
